
Microsoft Visual Studio Solution File, Format Version 12.00
# Visual Studio Version 16
VisualStudioVersion = 16.0.31410.357
MinimumVisualStudioVersion = 10.0.40219.1
Project("{FAE04EC0-301F-11D3-BF4B-00C04F79EFBC}") = "Product.Models", "Models\Product.Models.csproj", "{C85FDA64-A84A-4F04-938F-A5D1F122E098}"
EndProject
Project("{FAE04EC0-301F-11D3-BF4B-00C04F79EFBC}") = "Product.DbMigrations", "Product.Data.Access\Product.DbMigrations.csproj", "{E7E53584-F243-4B37-B7B4-80FEE37933EB}"
EndProject
Project("{FAE04EC0-301F-11D3-BF4B-00C04F79EFBC}") = "Product.Data", "Product.Data\Product.Data.csproj", "{2A8879D8-2154-49C5-9CC6-30308C4B9FF6}"
EndProject
Global
	GlobalSection(SolutionConfigurationPlatforms) = preSolution
		Debug|Any CPU = Debug|Any CPU
		Release|Any CPU = Release|Any CPU
	EndGlobalSection
	GlobalSection(ProjectConfigurationPlatforms) = postSolution
		{C85FDA64-A84A-4F04-938F-A5D1F122E098}.Debug|Any CPU.ActiveCfg = Debug|Any CPU
		{C85FDA64-A84A-4F04-938F-A5D1F122E098}.Debug|Any CPU.Build.0 = Debug|Any CPU
		{C85FDA64-A84A-4F04-938F-A5D1F122E098}.Release|Any CPU.ActiveCfg = Release|Any CPU
		{C85FDA64-A84A-4F04-938F-A5D1F122E098}.Release|Any CPU.Build.0 = Release|Any CPU
		{E7E53584-F243-4B37-B7B4-80FEE37933EB}.Debug|Any CPU.ActiveCfg = Debug|Any CPU
		{E7E53584-F243-4B37-B7B4-80FEE37933EB}.Debug|Any CPU.Build.0 = Debug|Any CPU
		{E7E53584-F243-4B37-B7B4-80FEE37933EB}.Release|Any CPU.ActiveCfg = Release|Any CPU
		{E7E53584-F243-4B37-B7B4-80FEE37933EB}.Release|Any CPU.Build.0 = Release|Any CPU
		{2A8879D8-2154-49C5-9CC6-30308C4B9FF6}.Debug|Any CPU.ActiveCfg = Debug|Any CPU
		{2A8879D8-2154-49C5-9CC6-30308C4B9FF6}.Debug|Any CPU.Build.0 = Debug|Any CPU
		{2A8879D8-2154-49C5-9CC6-30308C4B9FF6}.Release|Any CPU.ActiveCfg = Release|Any CPU
		{2A8879D8-2154-49C5-9CC6-30308C4B9FF6}.Release|Any CPU.Build.0 = Release|Any CPU
	EndGlobalSection
	GlobalSection(SolutionProperties) = preSolution
		HideSolutionNode = FALSE
	EndGlobalSection
	GlobalSection(ExtensibilityGlobals) = postSolution
		SolutionGuid = {5C955290-A0DD-4426-B691-A6C42E015F39}
	EndGlobalSection
EndGlobal
