
Microsoft Visual Studio Solution File, Format Version 12.00
# Visual Studio Version 17
VisualStudioVersion = 17.3.32804.467
MinimumVisualStudioVersion = 10.0.40219.1
Project("{9A19103F-16F7-4668-BE54-9A1E7A4F7556}") = "Product.DbMigrations", "Product.DbMigrations\Product.DbMigrations.csproj", "{19AC675A-16EA-40E7-B879-78F1CB59312B}"
EndProject
Project("{9A19103F-16F7-4668-BE54-9A1E7A4F7556}") = "Product.API", "Product.API\Product.API.csproj", "{850FEECA-92C0-45CD-9290-78787C923605}"
EndProject
Project("{9A19103F-16F7-4668-BE54-9A1E7A4F7556}") = "Product.Data", "Product.Data\Product.Data.csproj", "{0CB87347-0848-4446-B2FD-64DD65B31516}"
EndProject
Project("{9A19103F-16F7-4668-BE54-9A1E7A4F7556}") = "Product.Service", "Product.Service\Product.Service.csproj", "{95866922-F107-400B-A108-030E5429FC26}"
EndProject
Project("{9A19103F-16F7-4668-BE54-9A1E7A4F7556}") = "Product.Schema", "Product.Schema\Product.Schema.csproj", "{D6FA8165-25A1-44AF-8BC2-E618EA5443AC}"
EndProject
Project("{9A19103F-16F7-4668-BE54-9A1E7A4F7556}") = "Product.Gateway", "Product.Gateway\Product.Gateway.csproj", "{46A1770D-B3E0-4C81-AC14-CF8738C60A7D}"
EndProject
Global
	GlobalSection(SolutionConfigurationPlatforms) = preSolution
		Debug|Any CPU = Debug|Any CPU
		Release|Any CPU = Release|Any CPU
	EndGlobalSection
	GlobalSection(ProjectConfigurationPlatforms) = postSolution
		{19AC675A-16EA-40E7-B879-78F1CB59312B}.Debug|Any CPU.ActiveCfg = Debug|Any CPU
		{19AC675A-16EA-40E7-B879-78F1CB59312B}.Debug|Any CPU.Build.0 = Debug|Any CPU
		{19AC675A-16EA-40E7-B879-78F1CB59312B}.Release|Any CPU.ActiveCfg = Release|Any CPU
		{19AC675A-16EA-40E7-B879-78F1CB59312B}.Release|Any CPU.Build.0 = Release|Any CPU
		{850FEECA-92C0-45CD-9290-78787C923605}.Debug|Any CPU.ActiveCfg = Debug|Any CPU
		{850FEECA-92C0-45CD-9290-78787C923605}.Debug|Any CPU.Build.0 = Debug|Any CPU
		{850FEECA-92C0-45CD-9290-78787C923605}.Release|Any CPU.ActiveCfg = Release|Any CPU
		{850FEECA-92C0-45CD-9290-78787C923605}.Release|Any CPU.Build.0 = Release|Any CPU
		{0CB87347-0848-4446-B2FD-64DD65B31516}.Debug|Any CPU.ActiveCfg = Debug|Any CPU
		{0CB87347-0848-4446-B2FD-64DD65B31516}.Debug|Any CPU.Build.0 = Debug|Any CPU
		{0CB87347-0848-4446-B2FD-64DD65B31516}.Release|Any CPU.ActiveCfg = Release|Any CPU
		{0CB87347-0848-4446-B2FD-64DD65B31516}.Release|Any CPU.Build.0 = Release|Any CPU
		{95866922-F107-400B-A108-030E5429FC26}.Debug|Any CPU.ActiveCfg = Debug|Any CPU
		{95866922-F107-400B-A108-030E5429FC26}.Debug|Any CPU.Build.0 = Debug|Any CPU
		{95866922-F107-400B-A108-030E5429FC26}.Release|Any CPU.ActiveCfg = Release|Any CPU
		{95866922-F107-400B-A108-030E5429FC26}.Release|Any CPU.Build.0 = Release|Any CPU
		{D6FA8165-25A1-44AF-8BC2-E618EA5443AC}.Debug|Any CPU.ActiveCfg = Debug|Any CPU
		{D6FA8165-25A1-44AF-8BC2-E618EA5443AC}.Debug|Any CPU.Build.0 = Debug|Any CPU
		{D6FA8165-25A1-44AF-8BC2-E618EA5443AC}.Release|Any CPU.ActiveCfg = Release|Any CPU
		{D6FA8165-25A1-44AF-8BC2-E618EA5443AC}.Release|Any CPU.Build.0 = Release|Any CPU
		{46A1770D-B3E0-4C81-AC14-CF8738C60A7D}.Debug|Any CPU.ActiveCfg = Debug|Any CPU
		{46A1770D-B3E0-4C81-AC14-CF8738C60A7D}.Debug|Any CPU.Build.0 = Debug|Any CPU
		{46A1770D-B3E0-4C81-AC14-CF8738C60A7D}.Release|Any CPU.ActiveCfg = Release|Any CPU
		{46A1770D-B3E0-4C81-AC14-CF8738C60A7D}.Release|Any CPU.Build.0 = Release|Any CPU
	EndGlobalSection
	GlobalSection(SolutionProperties) = preSolution
		HideSolutionNode = FALSE
	EndGlobalSection
	GlobalSection(ExtensibilityGlobals) = postSolution
		SolutionGuid = {5C955290-A0DD-4426-B691-A6C42E015F39}
	EndGlobalSection
EndGlobal
