
Microsoft Visual Studio Solution File, Format Version 12.00
# Visual Studio Version 17
VisualStudioVersion = 17.6.33723.286
MinimumVisualStudioVersion = 10.0.40219.1
Project("{9A19103F-16F7-4668-BE54-9A1E7A4F7556}") = "Authorization.API", "Authorization.API\Authorization.API.csproj", "{EA5D2327-6B09-4DE4-AA78-DF9212760EE0}"
EndProject
Project("{9A19103F-16F7-4668-BE54-9A1E7A4F7556}") = "Gateway", "Gateway\Gateway.csproj", "{D982D3DA-5460-4684-AA82-30D37E75ECA8}"
EndProject
Global
	GlobalSection(SolutionConfigurationPlatforms) = preSolution
		Debug|Any CPU = Debug|Any CPU
		Release|Any CPU = Release|Any CPU
	EndGlobalSection
	GlobalSection(ProjectConfigurationPlatforms) = postSolution
		{EA5D2327-6B09-4DE4-AA78-DF9212760EE0}.Debug|Any CPU.ActiveCfg = Debug|Any CPU
		{EA5D2327-6B09-4DE4-AA78-DF9212760EE0}.Debug|Any CPU.Build.0 = Debug|Any CPU
		{EA5D2327-6B09-4DE4-AA78-DF9212760EE0}.Release|Any CPU.ActiveCfg = Release|Any CPU
		{EA5D2327-6B09-4DE4-AA78-DF9212760EE0}.Release|Any CPU.Build.0 = Release|Any CPU
		{D982D3DA-5460-4684-AA82-30D37E75ECA8}.Debug|Any CPU.ActiveCfg = Debug|Any CPU
		{D982D3DA-5460-4684-AA82-30D37E75ECA8}.Debug|Any CPU.Build.0 = Debug|Any CPU
		{D982D3DA-5460-4684-AA82-30D37E75ECA8}.Release|Any CPU.ActiveCfg = Release|Any CPU
		{D982D3DA-5460-4684-AA82-30D37E75ECA8}.Release|Any CPU.Build.0 = Release|Any CPU
	EndGlobalSection
	GlobalSection(SolutionProperties) = preSolution
		HideSolutionNode = FALSE
	EndGlobalSection
	GlobalSection(ExtensibilityGlobals) = postSolution
		SolutionGuid = {20DE40B3-1B51-4743-9899-C85EFA7FF118}
	EndGlobalSection
EndGlobal
