
Microsoft Visual Studio Solution File, Format Version 12.00
# Visual Studio Version 17
VisualStudioVersion = 17.6.33723.286
MinimumVisualStudioVersion = 10.0.40219.1
Project("{9A19103F-16F7-4668-BE54-9A1E7A4F7556}") = "Users.API", "Users.API\Users.API.csproj", "{43E72716-8D9C-4CD5-93FE-7AF30BB946C0}"
EndProject
Project("{9A19103F-16F7-4668-BE54-9A1E7A4F7556}") = "Users.Data", "Users.Data\Users.Data.csproj", "{722B3CEC-E0FA-45FE-ACEC-4989DE4FD2C6}"
EndProject
Project("{9A19103F-16F7-4668-BE54-9A1E7A4F7556}") = "Users.DbMigrations", "Users.DbMigrations\Users.DbMigrations.csproj", "{2A2E82EE-2F86-45D8-B2D3-A00BBF54B904}"
EndProject
Project("{9A19103F-16F7-4668-BE54-9A1E7A4F7556}") = "Users.Schema", "Users.Schema\Users.Schema.csproj", "{F4F3255A-587B-4ABB-93D3-4EFF08A81FD6}"
EndProject
Project("{9A19103F-16F7-4668-BE54-9A1E7A4F7556}") = "Users.Service", "Users.Service\Users.Service.csproj", "{09725185-9293-4075-8D9F-0FCF2EBE3072}"
EndProject
Global
	GlobalSection(SolutionConfigurationPlatforms) = preSolution
		Debug|Any CPU = Debug|Any CPU
		Release|Any CPU = Release|Any CPU
	EndGlobalSection
	GlobalSection(ProjectConfigurationPlatforms) = postSolution
		{43E72716-8D9C-4CD5-93FE-7AF30BB946C0}.Debug|Any CPU.ActiveCfg = Debug|Any CPU
		{43E72716-8D9C-4CD5-93FE-7AF30BB946C0}.Debug|Any CPU.Build.0 = Debug|Any CPU
		{43E72716-8D9C-4CD5-93FE-7AF30BB946C0}.Release|Any CPU.ActiveCfg = Release|Any CPU
		{43E72716-8D9C-4CD5-93FE-7AF30BB946C0}.Release|Any CPU.Build.0 = Release|Any CPU
		{722B3CEC-E0FA-45FE-ACEC-4989DE4FD2C6}.Debug|Any CPU.ActiveCfg = Debug|Any CPU
		{722B3CEC-E0FA-45FE-ACEC-4989DE4FD2C6}.Debug|Any CPU.Build.0 = Debug|Any CPU
		{722B3CEC-E0FA-45FE-ACEC-4989DE4FD2C6}.Release|Any CPU.ActiveCfg = Release|Any CPU
		{722B3CEC-E0FA-45FE-ACEC-4989DE4FD2C6}.Release|Any CPU.Build.0 = Release|Any CPU
		{2A2E82EE-2F86-45D8-B2D3-A00BBF54B904}.Debug|Any CPU.ActiveCfg = Debug|Any CPU
		{2A2E82EE-2F86-45D8-B2D3-A00BBF54B904}.Debug|Any CPU.Build.0 = Debug|Any CPU
		{2A2E82EE-2F86-45D8-B2D3-A00BBF54B904}.Release|Any CPU.ActiveCfg = Release|Any CPU
		{2A2E82EE-2F86-45D8-B2D3-A00BBF54B904}.Release|Any CPU.Build.0 = Release|Any CPU
		{F4F3255A-587B-4ABB-93D3-4EFF08A81FD6}.Debug|Any CPU.ActiveCfg = Debug|Any CPU
		{F4F3255A-587B-4ABB-93D3-4EFF08A81FD6}.Debug|Any CPU.Build.0 = Debug|Any CPU
		{F4F3255A-587B-4ABB-93D3-4EFF08A81FD6}.Release|Any CPU.ActiveCfg = Release|Any CPU
		{F4F3255A-587B-4ABB-93D3-4EFF08A81FD6}.Release|Any CPU.Build.0 = Release|Any CPU
		{09725185-9293-4075-8D9F-0FCF2EBE3072}.Debug|Any CPU.ActiveCfg = Debug|Any CPU
		{09725185-9293-4075-8D9F-0FCF2EBE3072}.Debug|Any CPU.Build.0 = Debug|Any CPU
		{09725185-9293-4075-8D9F-0FCF2EBE3072}.Release|Any CPU.ActiveCfg = Release|Any CPU
		{09725185-9293-4075-8D9F-0FCF2EBE3072}.Release|Any CPU.Build.0 = Release|Any CPU
	EndGlobalSection
	GlobalSection(SolutionProperties) = preSolution
		HideSolutionNode = FALSE
	EndGlobalSection
	GlobalSection(ExtensibilityGlobals) = postSolution
		SolutionGuid = {FFB04525-BFFF-4748-A558-21B6E3D06116}
	EndGlobalSection
EndGlobal
